
Microsoft Visual Studio Solution File, Format Version 12.00
# Visual Studio Version 17
VisualStudioVersion = 17.8.34525.116
MinimumVisualStudioVersion = 10.0.40219.1
Project("{FAE04EC0-301F-11D3-BF4B-00C04F79EFBC}") = "flores", "flores\flores.csproj", "{5EE7FEB8-A4D2-46D6-950E-D09F44F92128}"
EndProject
Global
	GlobalSection(SolutionConfigurationPlatforms) = preSolution
		Debug|Any CPU = Debug|Any CPU
		Release|Any CPU = Release|Any CPU
	EndGlobalSection
	GlobalSection(ProjectConfigurationPlatforms) = postSolution
		{5EE7FEB8-A4D2-46D6-950E-D09F44F92128}.Debug|Any CPU.ActiveCfg = Debug|Any CPU
		{5EE7FEB8-A4D2-46D6-950E-D09F44F92128}.Debug|Any CPU.Build.0 = Debug|Any CPU
		{5EE7FEB8-A4D2-46D6-950E-D09F44F92128}.Release|Any CPU.ActiveCfg = Release|Any CPU
		{5EE7FEB8-A4D2-46D6-950E-D09F44F92128}.Release|Any CPU.Build.0 = Release|Any CPU
	EndGlobalSection
	GlobalSection(SolutionProperties) = preSolution
		HideSolutionNode = FALSE
	EndGlobalSection
	GlobalSection(ExtensibilityGlobals) = postSolution
		SolutionGuid = {B89ED4D0-FCE3-4F61-83D6-06B4B7E3DCF3}
	EndGlobalSection
EndGlobal
